// !$*UTF8*$!
{
	archiveVersion = 1;
	classes = {
	};
	objectVersion = 50;
	objects = {

/* Begin PBXBuildFile section */
		144448E320EDE95C00B7D972 /* NewsList.swift in Sources */ = {isa = PBXBuildFile; fileRef = 144448E220EDE95C00B7D972 /* NewsList.swift */; };
		144448E520EDFCC800B7D972 /* NewsDataModel.swift in Sources */ = {isa = PBXBuildFile; fileRef = 144448E420EDFCC800B7D972 /* NewsDataModel.swift */; };
		14513EEB20ECEE3A00101019 /* Images.xcassets in Resources */ = {isa = PBXBuildFile; fileRef = 14513EEA20ECEE3A00101019 /* Images.xcassets */; };
		14D42FA320EC2C600042B62C /* AppDelegate.swift in Sources */ = {isa = PBXBuildFile; fileRef = 14D42FA220EC2C600042B62C /* AppDelegate.swift */; };
		14D42FA520EC2C600042B62C /* ViewController.swift in Sources */ = {isa = PBXBuildFile; fileRef = 14D42FA420EC2C600042B62C /* ViewController.swift */; };
		14D42FA820EC2C600042B62C /* Main.storyboard in Resources */ = {isa = PBXBuildFile; fileRef = 14D42FA620EC2C600042B62C /* Main.storyboard */; };
		14D42FAA20EC2C610042B62C /* Assets.xcassets in Resources */ = {isa = PBXBuildFile; fileRef = 14D42FA920EC2C610042B62C /* Assets.xcassets */; };
		14D42FAD20EC2C610042B62C /* LaunchScreen.storyboard in Resources */ = {isa = PBXBuildFile; fileRef = 14D42FAB20EC2C610042B62C /* LaunchScreen.storyboard */; };
		14D42FBF20EC36700042B62C /* CustomNewsCell.swift in Sources */ = {isa = PBXBuildFile; fileRef = 14D42FBD20EC36700042B62C /* CustomNewsCell.swift */; };
		14D42FC020EC36700042B62C /* NewsCell.xib in Resources */ = {isa = PBXBuildFile; fileRef = 14D42FBE20EC36700042B62C /* NewsCell.xib */; };
		E192F1A5158FF63D5E36F498 /* Pods_News.framework in Frameworks */ = {isa = PBXBuildFile; fileRef = 35CEBF90225ABD50303A4578 /* Pods_News.framework */; };
/* End PBXBuildFile section */

/* Begin PBXFileReference section */
		144448E220EDE95C00B7D972 /* NewsList.swift */ = {isa = PBXFileReference; lastKnownFileType = sourcecode.swift; path = NewsList.swift; sourceTree = "<group>"; };
		144448E420EDFCC800B7D972 /* NewsDataModel.swift */ = {isa = PBXFileReference; lastKnownFileType = sourcecode.swift; path = NewsDataModel.swift; sourceTree = "<group>"; };
		14513EEA20ECEE3A00101019 /* Images.xcassets */ = {isa = PBXFileReference; lastKnownFileType = folder.assetcatalog; path = Images.xcassets; sourceTree = "<group>"; };
		14D42F9F20EC2C600042B62C /* News.app */ = {isa = PBXFileReference; explicitFileType = wrapper.application; includeInIndex = 0; path = News.app; sourceTree = BUILT_PRODUCTS_DIR; };
		14D42FA220EC2C600042B62C /* AppDelegate.swift */ = {isa = PBXFileReference; lastKnownFileType = sourcecode.swift; path = AppDelegate.swift; sourceTree = "<group>"; };
		14D42FA420EC2C600042B62C /* ViewController.swift */ = {isa = PBXFileReference; lastKnownFileType = sourcecode.swift; path = ViewController.swift; sourceTree = "<group>"; };
		14D42FA720EC2C600042B62C /* Base */ = {isa = PBXFileReference; lastKnownFileType = file.storyboard; name = Base; path = Base.lproj/Main.storyboard; sourceTree = "<group>"; };
		14D42FA920EC2C610042B62C /* Assets.xcassets */ = {isa = PBXFileReference; lastKnownFileType = folder.assetcatalog; path = Assets.xcassets; sourceTree = "<group>"; };
		14D42FAC20EC2C610042B62C /* Base */ = {isa = PBXFileReference; lastKnownFileType = file.storyboard; name = Base; path = Base.lproj/LaunchScreen.storyboard; sourceTree = "<group>"; };
		14D42FAE20EC2C610042B62C /* Info.plist */ = {isa = PBXFileReference; lastKnownFileType = text.plist.xml; path = Info.plist; sourceTree = "<group>"; };
		14D42FBD20EC36700042B62C /* CustomNewsCell.swift */ = {isa = PBXFileReference; lastKnownFileType = sourcecode.swift; path = CustomNewsCell.swift; sourceTree = "<group>"; };
		14D42FBE20EC36700042B62C /* NewsCell.xib */ = {isa = PBXFileReference; lastKnownFileType = file.xib; path = NewsCell.xib; sourceTree = "<group>"; };
		35CEBF90225ABD50303A4578 /* Pods_News.framework */ = {isa = PBXFileReference; explicitFileType = wrapper.framework; includeInIndex = 0; path = Pods_News.framework; sourceTree = BUILT_PRODUCTS_DIR; };
		D4F2B10D95B4709137322C9B /* Pods-News.debug.xcconfig */ = {isa = PBXFileReference; includeInIndex = 1; lastKnownFileType = text.xcconfig; name = "Pods-News.debug.xcconfig"; path = "Pods/Target Support Files/Pods-News/Pods-News.debug.xcconfig"; sourceTree = "<group>"; };
		DA7556B79F57D88742C9B55C /* Pods-News.release.xcconfig */ = {isa = PBXFileReference; includeInIndex = 1; lastKnownFileType = text.xcconfig; name = "Pods-News.release.xcconfig"; path = "Pods/Target Support Files/Pods-News/Pods-News.release.xcconfig"; sourceTree = "<group>"; };
/* End PBXFileReference section */

/* Begin PBXFrameworksBuildPhase section */
		14D42F9C20EC2C600042B62C /* Frameworks */ = {
			isa = PBXFrameworksBuildPhase;
			buildActionMask = 2147483647;
			files = (
				E192F1A5158FF63D5E36F498 /* Pods_News.framework in Frameworks */,
			);
			runOnlyForDeploymentPostprocessing = 0;
		};
/* End PBXFrameworksBuildPhase section */

/* Begin PBXGroup section */
		118820186FE47B92EDE6EDCD /* Frameworks */ = {
			isa = PBXGroup;
			children = (
				35CEBF90225ABD50303A4578 /* Pods_News.framework */,
			);
			name = Frameworks;
			sourceTree = "<group>";
		};
		14D42F9620EC2C600042B62C = {
			isa = PBXGroup;
			children = (
				14D42FA120EC2C600042B62C /* News */,
				14D42FA020EC2C600042B62C /* Products */,
				27A23CD1A699374D2A998BBD /* Pods */,
				118820186FE47B92EDE6EDCD /* Frameworks */,
			);
			sourceTree = "<group>";
		};
		14D42FA020EC2C600042B62C /* Products */ = {
			isa = PBXGroup;
			children = (
				14D42F9F20EC2C600042B62C /* News.app */,
			);
			name = Products;
			sourceTree = "<group>";
		};
		14D42FA120EC2C600042B62C /* News */ = {
			isa = PBXGroup;
			children = (
				14D42FA220EC2C600042B62C /* AppDelegate.swift */,
				14D42FB720EC2E0E0042B62C /* Models */,
				14D42FB420EC2DE20042B62C /* Controllers */,
				14D42FB520EC2DF10042B62C /* Views */,
				14D42FB620EC2DF80042B62C /* Supporting FIles */,
				14D42FAE20EC2C610042B62C /* Info.plist */,
				14513EEA20ECEE3A00101019 /* Images.xcassets */,
			);
			path = News;
			sourceTree = "<group>";
		};
		14D42FB420EC2DE20042B62C /* Controllers */ = {
			isa = PBXGroup;
			children = (
				14D42FA420EC2C600042B62C /* ViewController.swift */,
				144448E220EDE95C00B7D972 /* NewsList.swift */,
			);
			path = Controllers;
			sourceTree = "<group>";
		};
		14D42FB520EC2DF10042B62C /* Views */ = {
			isa = PBXGroup;
			children = (
				14D42FA620EC2C600042B62C /* Main.storyboard */,
				14D42FBC20EC33B50042B62C /* Custom Cell */,
			);
			path = Views;
			sourceTree = "<group>";
		};
		14D42FB620EC2DF80042B62C /* Supporting FIles */ = {
			isa = PBXGroup;
			children = (
				14D42FA920EC2C610042B62C /* Assets.xcassets */,
				14D42FAB20EC2C610042B62C /* LaunchScreen.storyboard */,
			);
			path = "Supporting FIles";
			sourceTree = "<group>";
		};
		14D42FB720EC2E0E0042B62C /* Models */ = {
			isa = PBXGroup;
			children = (
				144448E420EDFCC800B7D972 /* NewsDataModel.swift */,
			);
			path = Models;
			sourceTree = "<group>";
		};
		14D42FBC20EC33B50042B62C /* Custom Cell */ = {
			isa = PBXGroup;
			children = (
				14D42FBD20EC36700042B62C /* CustomNewsCell.swift */,
				14D42FBE20EC36700042B62C /* NewsCell.xib */,
			);
			path = "Custom Cell";
			sourceTree = "<group>";
		};
		27A23CD1A699374D2A998BBD /* Pods */ = {
			isa = PBXGroup;
			children = (
				D4F2B10D95B4709137322C9B /* Pods-News.debug.xcconfig */,
				DA7556B79F57D88742C9B55C /* Pods-News.release.xcconfig */,
			);
			name = Pods;
			sourceTree = "<group>";
		};
/* End PBXGroup section */

/* Begin PBXNativeTarget section */
		14D42F9E20EC2C600042B62C /* News */ = {
			isa = PBXNativeTarget;
			buildConfigurationList = 14D42FB120EC2C610042B62C /* Build configuration list for PBXNativeTarget "News" */;
			buildPhases = (
				29C47FDE650D17D7F2135A87 /* [CP] Check Pods Manifest.lock */,
				14D42F9B20EC2C600042B62C /* Sources */,
				14D42F9C20EC2C600042B62C /* Frameworks */,
				14D42F9D20EC2C600042B62C /* Resources */,
				94E044C1A1F8F20FCC414A28 /* [CP] Embed Pods Frameworks */,
			);
			buildRules = (
			);
			dependencies = (
			);
			name = News;
			productName = News;
			productReference = 14D42F9F20EC2C600042B62C /* News.app */;
			productType = "com.apple.product-type.application";
		};
/* End PBXNativeTarget section */

/* Begin PBXProject section */
		14D42F9720EC2C600042B62C /* Project object */ = {
			isa = PBXProject;
			attributes = {
				LastSwiftUpdateCheck = 0930;
				LastUpgradeCheck = 0930;
				ORGANIZATIONNAME = Devdots;
				TargetAttributes = {
					14D42F9E20EC2C600042B62C = {
						CreatedOnToolsVersion = 9.3;
					};
				};
			};
			buildConfigurationList = 14D42F9A20EC2C600042B62C /* Build configuration list for PBXProject "News" */;
			compatibilityVersion = "Xcode 9.3";
			developmentRegion = en;
			hasScannedForEncodings = 0;
			knownRegions = (
				en,
				Base,
			);
			mainGroup = 14D42F9620EC2C600042B62C;
			productRefGroup = 14D42FA020EC2C600042B62C /* Products */;
			projectDirPath = "";
			projectRoot = "";
			targets = (
				14D42F9E20EC2C600042B62C /* News */,
			);
		};
/* End PBXProject section */

/* Begin PBXResourcesBuildPhase section */
		14D42F9D20EC2C600042B62C /* Resources */ = {
			isa = PBXResourcesBuildPhase;
			buildActionMask = 2147483647;
			files = (
				14D42FAD20EC2C610042B62C /* LaunchScreen.storyboard in Resources */,
				14513EEB20ECEE3A00101019 /* Images.xcassets in Resources */,
				14D42FAA20EC2C610042B62C /* Assets.xcassets in Resources */,
				14D42FA820EC2C600042B62C /* Main.storyboard in Resources */,
				14D42FC020EC36700042B62C /* NewsCell.xib in Resources */,
			);
			runOnlyForDeploymentPostprocessing = 0;
		};
/* End PBXResourcesBuildPhase section */

/* Begin PBXShellScriptBuildPhase section */
		29C47FDE650D17D7F2135A87 /* [CP] Check Pods Manifest.lock */ = {
			isa = PBXShellScriptBuildPhase;
			buildActionMask = 2147483647;
			files = (
			);
			inputPaths = (
				"${PODS_PODFILE_DIR_PATH}/Podfile.lock",
				"${PODS_ROOT}/Manifest.lock",
			);
			name = "[CP] Check Pods Manifest.lock";
			outputPaths = (
				"$(DERIVED_FILE_DIR)/Pods-News-checkManifestLockResult.txt",
			);
			runOnlyForDeploymentPostprocessing = 0;
			shellPath = /bin/sh;
			shellScript = "diff \"${PODS_PODFILE_DIR_PATH}/Podfile.lock\" \"${PODS_ROOT}/Manifest.lock\" > /dev/null\nif [ $? != 0 ] ; then\n    # print error to STDERR\n    echo \"error: The sandbox is not in sync with the Podfile.lock. Run 'pod install' or update your CocoaPods installation.\" >&2\n    exit 1\nfi\n# This output is used by Xcode 'outputs' to avoid re-running this script phase.\necho \"SUCCESS\" > \"${SCRIPT_OUTPUT_FILE_0}\"\n";
			showEnvVarsInLog = 0;
		};
		94E044C1A1F8F20FCC414A28 /* [CP] Embed Pods Frameworks */ = {
			isa = PBXShellScriptBuildPhase;
			buildActionMask = 2147483647;
			files = (
			);
			inputPaths = (
				"${SRCROOT}/Pods/Target Support Files/Pods-News/Pods-News-frameworks.sh",
				"${BUILT_PRODUCTS_DIR}/Alamofire/Alamofire.framework",
				"${BUILT_PRODUCTS_DIR}/SVProgressHUD/SVProgressHUD.framework",
				"${BUILT_PRODUCTS_DIR}/SwiftyJSON/SwiftyJSON.framework",
			);
			name = "[CP] Embed Pods Frameworks";
			outputPaths = (
				"${TARGET_BUILD_DIR}/${FRAMEWORKS_FOLDER_PATH}/Alamofire.framework",
				"${TARGET_BUILD_DIR}/${FRAMEWORKS_FOLDER_PATH}/SVProgressHUD.framework",
				"${TARGET_BUILD_DIR}/${FRAMEWORKS_FOLDER_PATH}/SwiftyJSON.framework",
			);
			runOnlyForDeploymentPostprocessing = 0;
			shellPath = /bin/sh;
			shellScript = "\"${SRCROOT}/Pods/Target Support Files/Pods-News/Pods-News-frameworks.sh\"\n";
			showEnvVarsInLog = 0;
		};
/* End PBXShellScriptBuildPhase section */

/* Begin PBXSourcesBuildPhase section */
		14D42F9B20EC2C600042B62C /* Sources */ = {
			isa = PBXSourcesBuildPhase;
			buildActionMask = 2147483647;
			files = (
				144448E520EDFCC800B7D972 /* NewsDataModel.swift in Sources */,
				14D42FBF20EC36700042B62C /* CustomNewsCell.swift in Sources */,
				14D42FA520EC2C600042B62C /* ViewController.swift in Sources */,
				144448E320EDE95C00B7D972 /* NewsList.swift in Sources */,
				14D42FA320EC2C600042B62C /* AppDelegate.swift in Sources */,
			);
			runOnlyForDeploymentPostprocessing = 0;
		};
/* End PBXSourcesBuildPhase section */

/* Begin PBXVariantGroup section */
		14D42FA620EC2C600042B62C /* Main.storyboard */ = {
			isa = PBXVariantGroup;
			children = (
				14D42FA720EC2C600042B62C /* Base */,
			);
			name = Main.storyboard;
			sourceTree = "<group>";
		};
		14D42FAB20EC2C610042B62C /* LaunchScreen.storyboard */ = {
			isa = PBXVariantGroup;
			children = (
				14D42FAC20EC2C610042B62C /* Base */,
			);
			name = LaunchScreen.storyboard;
			sourceTree = "<group>";
		};
/* End PBXVariantGroup section */

/* Begin XCBuildConfiguration section */
		14D42FAF20EC2C610042B62C /* Debug */ = {
			isa = XCBuildConfiguration;
			buildSettings = {
				ALWAYS_SEARCH_USER_PATHS = NO;
				CLANG_ANALYZER_NONNULL = YES;
				CLANG_ANALYZER_NUMBER_OBJECT_CONVERSION = YES_AGGRESSIVE;
				CLANG_CXX_LANGUAGE_STANDARD = "gnu++14";
				CLANG_CXX_LIBRARY = "libc++";
				CLANG_ENABLE_MODULES = YES;
				CLANG_ENABLE_OBJC_ARC = YES;
				CLANG_ENABLE_OBJC_WEAK = YES;
				CLANG_WARN_BLOCK_CAPTURE_AUTORELEASING = YES;
				CLANG_WARN_BOOL_CONVERSION = YES;
				CLANG_WARN_COMMA = YES;
				CLANG_WARN_CONSTANT_CONVERSION = YES;
				CLANG_WARN_DEPRECATED_OBJC_IMPLEMENTATIONS = YES;
				CLANG_WARN_DIRECT_OBJC_ISA_USAGE = YES_ERROR;
				CLANG_WARN_DOCUMENTATION_COMMENTS = YES;
				CLANG_WARN_EMPTY_BODY = YES;
				CLANG_WARN_ENUM_CONVERSION = YES;
				CLANG_WARN_INFINITE_RECURSION = YES;
				CLANG_WARN_INT_CONVERSION = YES;
				CLANG_WARN_NON_LITERAL_NULL_CONVERSION = YES;
				CLANG_WARN_OBJC_IMPLICIT_RETAIN_SELF = YES;
				CLANG_WARN_OBJC_LITERAL_CONVERSION = YES;
				CLANG_WARN_OBJC_ROOT_CLASS = YES_ERROR;
				CLANG_WARN_RANGE_LOOP_ANALYSIS = YES;
				CLANG_WARN_STRICT_PROTOTYPES = YES;
				CLANG_WARN_SUSPICIOUS_MOVE = YES;
				CLANG_WARN_UNGUARDED_AVAILABILITY = YES_AGGRESSIVE;
				CLANG_WARN_UNREACHABLE_CODE = YES;
				CLANG_WARN__DUPLICATE_METHOD_MATCH = YES;
				CODE_SIGN_IDENTITY = "iPhone Developer";
				COPY_PHASE_STRIP = NO;
				DEBUG_INFORMATION_FORMAT = dwarf;
				ENABLE_STRICT_OBJC_MSGSEND = YES;
				ENABLE_TESTABILITY = YES;
				GCC_C_LANGUAGE_STANDARD = gnu11;
				GCC_DYNAMIC_NO_PIC = NO;
				GCC_NO_COMMON_BLOCKS = YES;
				GCC_OPTIMIZATION_LEVEL = 0;
				GCC_PREPROCESSOR_DEFINITIONS = (
					"DEBUG=1",
					"$(inherited)",
				);
				GCC_WARN_64_TO_32_BIT_CONVERSION = YES;
				GCC_WARN_ABOUT_RETURN_TYPE = YES_ERROR;
				GCC_WARN_UNDECLARED_SELECTOR = YES;
				GCC_WARN_UNINITIALIZED_AUTOS = YES_AGGRESSIVE;
				GCC_WARN_UNUSED_FUNCTION = YES;
				GCC_WARN_UNUSED_VARIABLE = YES;
				IPHONEOS_DEPLOYMENT_TARGET = 11.3;
				MTL_ENABLE_DEBUG_INFO = YES;
				ONLY_ACTIVE_ARCH = YES;
				SDKROOT = iphoneos;
				SWIFT_ACTIVE_COMPILATION_CONDITIONS = DEBUG;
				SWIFT_OPTIMIZATION_LEVEL = "-Onone";
			};
			name = Debug;
		};
		14D42FB020EC2C610042B62C /* Release */ = {
			isa = XCBuildConfiguration;
			buildSettings = {
				ALWAYS_SEARCH_USER_PATHS = NO;
				CLANG_ANALYZER_NONNULL = YES;
				CLANG_ANALYZER_NUMBER_OBJECT_CONVERSION = YES_AGGRESSIVE;
				CLANG_CXX_LANGUAGE_STANDARD = "gnu++14";
				CLANG_CXX_LIBRARY = "libc++";
				CLANG_ENABLE_MODULES = YES;
				CLANG_ENABLE_OBJC_ARC = YES;
				CLANG_ENABLE_OBJC_WEAK = YES;
				CLANG_WARN_BLOCK_CAPTURE_AUTORELEASING = YES;
				CLANG_WARN_BOOL_CONVERSION = YES;
				CLANG_WARN_COMMA = YES;
				CLANG_WARN_CONSTANT_CONVERSION = YES;
				CLANG_WARN_DEPRECATED_OBJC_IMPLEMENTATIONS = YES;
				CLANG_WARN_DIRECT_OBJC_ISA_USAGE = YES_ERROR;
				CLANG_WARN_DOCUMENTATION_COMMENTS = YES;
				CLANG_WARN_EMPTY_BODY = YES;
				CLANG_WARN_ENUM_CONVERSION = YES;
				CLANG_WARN_INFINITE_RECURSION = YES;
				CLANG_WARN_INT_CONVERSION = YES;
				CLANG_WARN_NON_LITERAL_NULL_CONVERSION = YES;
				CLANG_WARN_OBJC_IMPLICIT_RETAIN_SELF = YES;
				CLANG_WARN_OBJC_LITERAL_CONVERSION = YES;
				CLANG_WARN_OBJC_ROOT_CLASS = YES_ERROR;
				CLANG_WARN_RANGE_LOOP_ANALYSIS = YES;
				CLANG_WARN_STRICT_PROTOTYPES = YES;
				CLANG_WARN_SUSPICIOUS_MOVE = YES;
				CLANG_WARN_UNGUARDED_AVAILABILITY = YES_AGGRESSIVE;
				CLANG_WARN_UNREACHABLE_CODE = YES;
				CLANG_WARN__DUPLICATE_METHOD_MATCH = YES;
				CODE_SIGN_IDENTITY = "iPhone Developer";
				COPY_PHASE_STRIP = NO;
				DEBUG_INFORMATION_FORMAT = "dwarf-with-dsym";
				ENABLE_NS_ASSERTIONS = NO;
				ENABLE_STRICT_OBJC_MSGSEND = YES;
				GCC_C_LANGUAGE_STANDARD = gnu11;
				GCC_NO_COMMON_BLOCKS = YES;
				GCC_WARN_64_TO_32_BIT_CONVERSION = YES;
				GCC_WARN_ABOUT_RETURN_TYPE = YES_ERROR;
				GCC_WARN_UNDECLARED_SELECTOR = YES;
				GCC_WARN_UNINITIALIZED_AUTOS = YES_AGGRESSIVE;
				GCC_WARN_UNUSED_FUNCTION = YES;
				GCC_WARN_UNUSED_VARIABLE = YES;
				IPHONEOS_DEPLOYMENT_TARGET = 11.3;
				MTL_ENABLE_DEBUG_INFO = NO;
				SDKROOT = iphoneos;
				SWIFT_COMPILATION_MODE = wholemodule;
				SWIFT_OPTIMIZATION_LEVEL = "-O";
				VALIDATE_PRODUCT = YES;
			};
			name = Release;
		};
		14D42FB220EC2C610042B62C /* Debug */ = {
			isa = XCBuildConfiguration;
			baseConfigurationReference = D4F2B10D95B4709137322C9B /* Pods-News.debug.xcconfig */;
			buildSettings = {
				ASSETCATALOG_COMPILER_APPICON_NAME = AppIcon;
				CODE_SIGN_STYLE = Automatic;
				DEVELOPMENT_TEAM = W5H843N86W;
				INFOPLIST_FILE = News/Info.plist;
				LD_RUNPATH_SEARCH_PATHS = (
					"$(inherited)",
					"@executable_path/Frameworks",
				);
				PRODUCT_BUNDLE_IDENTIFIER = me.devalen.News;
				PRODUCT_NAME = "$(TARGET_NAME)";
				SWIFT_VERSION = 4.0;
				TARGETED_DEVICE_FAMILY = "1,2";
			};
			name = Debug;
		};
		14D42FB320EC2C610042B62C /* Release */ = {
			isa = XCBuildConfiguration;
			baseConfigurationReference = DA7556B79F57D88742C9B55C /* Pods-News.release.xcconfig */;
			buildSettings = {
				ASSETCATALOG_COMPILER_APPICON_NAME = AppIcon;
				CODE_SIGN_STYLE = Automatic;
				DEVELOPMENT_TEAM = W5H843N86W;
				INFOPLIST_FILE = News/Info.plist;
				LD_RUNPATH_SEARCH_PATHS = (
					"$(inherited)",
					"@executable_path/Frameworks",
				);
				PRODUCT_BUNDLE_IDENTIFIER = me.devalen.News;
				PRODUCT_NAME = "$(TARGET_NAME)";
				SWIFT_VERSION = 4.0;
				TARGETED_DEVICE_FAMILY = "1,2";
			};
			name = Release;
		};
/* End XCBuildConfiguration section */

/* Begin XCConfigurationList section */
		14D42F9A20EC2C600042B62C /* Build configuration list for PBXProject "News" */ = {
			isa = XCConfigurationList;
			buildConfigurations = (
				14D42FAF20EC2C610042B62C /* Debug */,
				14D42FB020EC2C610042B62C /* Release */,
			);
			defaultConfigurationIsVisible = 0;
			defaultConfigurationName = Release;
		};
		14D42FB120EC2C610042B62C /* Build configuration list for PBXNativeTarget "News" */ = {
			isa = XCConfigurationList;
			buildConfigurations = (
				14D42FB220EC2C610042B62C /* Debug */,
				14D42FB320EC2C610042B62C /* Release */,
			);
			defaultConfigurationIsVisible = 0;
			defaultConfigurationName = Release;
		};
/* End XCConfigurationList section */
	};
	rootObject = 14D42F9720EC2C600042B62C /* Project object */;
}
